PODS:
  - DropDown (2.3.13)
  - ExpyTableView (1.2.1)
  - RxCocoa (6.6.0):
    - RxRelay (= 6.6.0)
    - RxSwift (= 6.6.0)
  - RxRelay (6.6.0):
    - RxSwift (= 6.6.0)
  - RxSwift (6.6.0)
  - SnapKit (5.6.0)
  - Then (3.0.0)

DEPENDENCIES:
  - DropDown
  - ExpyTableView
  - RxCocoa
  - RxRelay
  - RxSwift
  - SnapKit
  - Then

SPEC REPOS:
  trunk:
    - DropDown
    - ExpyTableView
    - RxCocoa
    - RxRelay
    - RxSwift
    - SnapKit
    - Then

SPEC CHECKSUMS:
  DropDown: 8a2116376c1981888557f72ec2ffc9a5e0e456ec
  ExpyTableView: 19cf224c2ff04b1ec215ec52bc4ba6f81fa809ed
  RxCocoa: 44a80de90e25b739b5aeaae3c8c371a32e3343cc
  RxRelay: 45eaa5db8ee4fb50e5ebd57deec0159e97fa51e6
  RxSwift: a4b44f7d24599f674deebd1818eab82e58410632
  SnapKit: e01d52ebb8ddbc333eefe2132acf85c8227d9c25
  Then: 844265ae87834bbe1147d91d5d41a404da2ec27d

PODFILE CHECKSUM: 3b9c4a4a68f7ba0e5af61580f5dab30615d3e0b0

COCOAPODS: 1.15.2
