// !$*UTF8*$!
{
	archiveVersion = 1;
	classes = {
	};
	objectVersion = 55;
	objects = {

/* Begin PBXBuildFile section */
		7603438D285DDAEF0075F9E7 /* NotiPermission.swift in Sources */ = {isa = PBXBuildFile; fileRef = 7603438C285DDAEF0075F9E7 /* NotiPermission.swift */; };
		76034391285DFDFE0075F9E7 /* Extension++UILabel.swift in Sources */ = {isa = PBXBuildFile; fileRef = 76034390285DFDFE0075F9E7 /* Extension++UILabel.swift */; };
		76034393285E00950075F9E7 /* Extension++UIView.swift in Sources */ = {isa = PBXBuildFile; fileRef = 76034392285E00950075F9E7 /* Extension++UIView.swift */; };
		7603B5382849D51B0016B66C /* SetTimerVC.swift in Sources */ = {isa = PBXBuildFile; fileRef = 7603B5372849D51B0016B66C /* SetTimerVC.swift */; };
		7603B53A2849E74F0016B66C /* PickerViewManager.swift in Sources */ = {isa = PBXBuildFile; fileRef = 7603B5392849E74F0016B66C /* PickerViewManager.swift */; };
		7603B53C2849EA170016B66C /* SetTimerViewModel.swift in Sources */ = {isa = PBXBuildFile; fileRef = 7603B53B2849EA170016B66C /* SetTimerViewModel.swift */; };
		7603B53E284A22830016B66C /* DetailTimerViewModel.swift in Sources */ = {isa = PBXBuildFile; fileRef = 7603B53D284A22830016B66C /* DetailTimerViewModel.swift */; };
		7621628D287499E40063A3AF /* Extension++UIColor.swift in Sources */ = {isa = PBXBuildFile; fileRef = 7621628C287499E40063A3AF /* Extension++UIColor.swift */; };
		762162932874A01B0063A3AF /* Pretendard-Regular.otf in Resources */ = {isa = PBXBuildFile; fileRef = 7621628F2874A01B0063A3AF /* Pretendard-Regular.otf */; };
		762162942874A01B0063A3AF /* Pretendard-Bold.otf in Resources */ = {isa = PBXBuildFile; fileRef = 762162902874A01B0063A3AF /* Pretendard-Bold.otf */; };
		762162952874A01B0063A3AF /* Pretendard-SemiBold.otf in Resources */ = {isa = PBXBuildFile; fileRef = 762162912874A01B0063A3AF /* Pretendard-SemiBold.otf */; };
		762162962874A01B0063A3AF /* Pretendard-Medium.otf in Resources */ = {isa = PBXBuildFile; fileRef = 762162922874A01B0063A3AF /* Pretendard-Medium.otf */; };
		762162982874A1870063A3AF /* SplashVC.swift in Sources */ = {isa = PBXBuildFile; fileRef = 762162972874A1870063A3AF /* SplashVC.swift */; };
		7621629A287561A50063A3AF /* Extension++UITextView.swift in Sources */ = {isa = PBXBuildFile; fileRef = 76216299287561A50063A3AF /* Extension++UITextView.swift */; };
		7621629D2875C9A20063A3AF /* SetTimerView.swift in Sources */ = {isa = PBXBuildFile; fileRef = 7621629C2875C9A20063A3AF /* SetTimerView.swift */; };
		762162A12875D67E0063A3AF /* Extension++UIViewController.swift in Sources */ = {isa = PBXBuildFile; fileRef = 762162A02875D67E0063A3AF /* Extension++UIViewController.swift */; };
		763EAD42287B1AB60019DC27 /* TimerListView.swift in Sources */ = {isa = PBXBuildFile; fileRef = 763EAD41287B1AB60019DC27 /* TimerListView.swift */; };
		763EAD44287B25530019DC27 /* DetailTimerView.swift in Sources */ = {isa = PBXBuildFile; fileRef = 763EAD43287B25530019DC27 /* DetailTimerView.swift */; };
		763EAD46287B29100019DC27 /* AddSectionView.swift in Sources */ = {isa = PBXBuildFile; fileRef = 763EAD45287B29100019DC27 /* AddSectionView.swift */; };
		763EAD49287B2BB30019DC27 /* SetTimerDelegate.swift in Sources */ = {isa = PBXBuildFile; fileRef = 763EAD48287B2BB30019DC27 /* SetTimerDelegate.swift */; };
		763EAD4B287B2C000019DC27 /* SettingsView.swift in Sources */ = {isa = PBXBuildFile; fileRef = 763EAD4A287B2C000019DC27 /* SettingsView.swift */; };
		763EAD4D287B2FEC0019DC27 /* CompleteView.swift in Sources */ = {isa = PBXBuildFile; fileRef = 763EAD4C287B2FEC0019DC27 /* CompleteView.swift */; };
		763EAD51287B37B10019DC27 /* CheckView.swift in Sources */ = {isa = PBXBuildFile; fileRef = 763EAD50287B37B10019DC27 /* CheckView.swift */; };
		763EAD53287B3F450019DC27 /* DeleteVC.swift in Sources */ = {isa = PBXBuildFile; fileRef = 763EAD52287B3F450019DC27 /* DeleteVC.swift */; };
		763EAD57287B47CB0019DC27 /* SetSectionVC.swift in Sources */ = {isa = PBXBuildFile; fileRef = 763EAD56287B47CB0019DC27 /* SetSectionVC.swift */; };
		76553406284514B900C79484 /* Extension++UIButton.swift in Sources */ = {isa = PBXBuildFile; fileRef = 76553405284514B900C79484 /* Extension++UIButton.swift */; };
		7655891C284600C600DB4FC2 /* AddTimerViewModel.swift in Sources */ = {isa = PBXBuildFile; fileRef = 7655891B284600C600DB4FC2 /* AddTimerViewModel.swift */; };
		765589202846239800DB4FC2 /* AddTimerVC.swift in Sources */ = {isa = PBXBuildFile; fileRef = 7655891F2846239800DB4FC2 /* AddTimerVC.swift */; };
		76558922284623A400DB4FC2 /* AddSectionVC.swift in Sources */ = {isa = PBXBuildFile; fileRef = 76558921284623A400DB4FC2 /* AddSectionVC.swift */; };
		769B5202284F8B7E00C3E5A3 /* 닭소리.mp3 in Resources */ = {isa = PBXBuildFile; fileRef = 769B5201284F8B7E00C3E5A3 /* 닭소리.mp3 */; };
		769B520E284F9A2700C3E5A3 /* 학교 종소리.mp3 in Resources */ = {isa = PBXBuildFile; fileRef = 769B5203284F9A2600C3E5A3 /* 학교 종소리.mp3 */; };
		769B520F284F9A2700C3E5A3 /* 알람5.mp3 in Resources */ = {isa = PBXBuildFile; fileRef = 769B5204284F9A2600C3E5A3 /* 알람5.mp3 */; };
		769B5210284F9A2700C3E5A3 /* 알람3.mp3 in Resources */ = {isa = PBXBuildFile; fileRef = 769B5205284F9A2600C3E5A3 /* 알람3.mp3 */; };
		769B5211284F9A2700C3E5A3 /* 알람1.mp3 in Resources */ = {isa = PBXBuildFile; fileRef = 769B5206284F9A2600C3E5A3 /* 알람1.mp3 */; };
		769B5212284F9A2700C3E5A3 /* 알람6.mp3 in Resources */ = {isa = PBXBuildFile; fileRef = 769B5207284F9A2600C3E5A3 /* 알람6.mp3 */; };
		769B5213284F9A2700C3E5A3 /* 알람4.mp3 in Resources */ = {isa = PBXBuildFile; fileRef = 769B5208284F9A2700C3E5A3 /* 알람4.mp3 */; };
		769B5214284F9A2700C3E5A3 /* 전화 벨소리.mp3 in Resources */ = {isa = PBXBuildFile; fileRef = 769B5209284F9A2700C3E5A3 /* 전화 벨소리.mp3 */; };
		769B5215284F9A2700C3E5A3 /* 알람8.mp3 in Resources */ = {isa = PBXBuildFile; fileRef = 769B520A284F9A2700C3E5A3 /* 알람8.mp3 */; };
		769B5216284F9A2700C3E5A3 /* 사이렌.mp3 in Resources */ = {isa = PBXBuildFile; fileRef = 769B520B284F9A2700C3E5A3 /* 사이렌.mp3 */; };
		769B5217284F9A2700C3E5A3 /* 알람2.mp3 in Resources */ = {isa = PBXBuildFile; fileRef = 769B520C284F9A2700C3E5A3 /* 알람2.mp3 */; };
		769B5218284F9A2700C3E5A3 /* 알람7.mp3 in Resources */ = {isa = PBXBuildFile; fileRef = 769B520D284F9A2700C3E5A3 /* 알람7.mp3 */; };
		769B521A284F9A3C00C3E5A3 /* AlarmSound.swift in Sources */ = {isa = PBXBuildFile; fileRef = 769B5219284F9A3C00C3E5A3 /* AlarmSound.swift */; };
		769B521C284F9E6600C3E5A3 /* SettingsVC.swift in Sources */ = {isa = PBXBuildFile; fileRef = 769B521B284F9E6600C3E5A3 /* SettingsVC.swift */; };
		769B5220284FA43400C3E5A3 /* SettingsViewModel.swift in Sources */ = {isa = PBXBuildFile; fileRef = 769B521F284FA43400C3E5A3 /* SettingsViewModel.swift */; };
		76B3DC5A2849062800342295 /* DetailTimerVC.swift in Sources */ = {isa = PBXBuildFile; fileRef = 76B3DC592849062800342295 /* DetailTimerVC.swift */; };
		76B3DC60284928CC00342295 /* CircleProgressBar.swift in Sources */ = {isa = PBXBuildFile; fileRef = 76B3DC5F284928CC00342295 /* CircleProgressBar.swift */; };
		76CC802E2844901100683831 /* Section.swift in Sources */ = {isa = PBXBuildFile; fileRef = 76CC802D2844901100683831 /* Section.swift */; };
		76CC803A2844DE0A00683831 /* TimerManager.swift in Sources */ = {isa = PBXBuildFile; fileRef = 76CC80392844DE0A00683831 /* TimerManager.swift */; };
		76D9AE122843637200A2F5B9 /* AppDelegate.swift in Sources */ = {isa = PBXBuildFile; fileRef = 76D9AE112843637200A2F5B9 /* AppDelegate.swift */; };
		76D9AE142843637200A2F5B9 /* SceneDelegate.swift in Sources */ = {isa = PBXBuildFile; fileRef = 76D9AE132843637200A2F5B9 /* SceneDelegate.swift */; };
		76D9AE162843637200A2F5B9 /* TimerListVC.swift in Sources */ = {isa = PBXBuildFile; fileRef = 76D9AE152843637200A2F5B9 /* TimerListVC.swift */; };
		76D9AE192843637200A2F5B9 /* Main.storyboard in Resources */ = {isa = PBXBuildFile; fileRef = 76D9AE172843637200A2F5B9 /* Main.storyboard */; };
		76D9AE1B2843637400A2F5B9 /* Assets.xcassets in Resources */ = {isa = PBXBuildFile; fileRef = 76D9AE1A2843637400A2F5B9 /* Assets.xcassets */; };
		76D9AE1E2843637400A2F5B9 /* LaunchScreen.storyboard in Resources */ = {isa = PBXBuildFile; fileRef = 76D9AE1C2843637400A2F5B9 /* LaunchScreen.storyboard */; };
		76D9AE382843B16400A2F5B9 /* TimerListCell.swift in Sources */ = {isa = PBXBuildFile; fileRef = 76D9AE362843B16400A2F5B9 /* TimerListCell.swift */; };
		76D9AE3B2843C69100A2F5B9 /* TimerViewModel.swift in Sources */ = {isa = PBXBuildFile; fileRef = 76D9AE3A2843C69100A2F5B9 /* TimerViewModel.swift */; };
		76D9AE3D2843C8B200A2F5B9 /* TimerListHeaderCell.swift in Sources */ = {isa = PBXBuildFile; fileRef = 76D9AE3C2843C8B200A2F5B9 /* TimerListHeaderCell.swift */; };
		76D9AE3F2843C91A00A2F5B9 /* MyTimer.swift in Sources */ = {isa = PBXBuildFile; fileRef = 76D9AE3E2843C91A00A2F5B9 /* MyTimer.swift */; };
		DEFA9523DAB1C051875ACCAB /* Pods_MyTimer.framework in Frameworks */ = {isa = PBXBuildFile; fileRef = 440F088CC7FA7E29B462743C /* Pods_MyTimer.framework */; };
/* End PBXBuildFile section */

/* Begin PBXFileReference section */
		0B6F2167A43B1BD151D1DC4A /* Pods-MyTimer.release.xcconfig */ = {isa = PBXFileReference; includeInIndex = 1; lastKnownFileType = text.xcconfig; name = "Pods-MyTimer.release.xcconfig"; path = "Target Support Files/Pods-MyTimer/Pods-MyTimer.release.xcconfig"; sourceTree = "<group>"; };
		440F088CC7FA7E29B462743C /* Pods_MyTimer.framework */ = {isa = PBXFileReference; explicitFileType = wrapper.framework; includeInIndex = 0; path = Pods_MyTimer.framework; sourceTree = BUILT_PRODUCTS_DIR; };
		62188C104FED3EA5DDEA309C /* Pods-MyTimer.debug.xcconfig */ = {isa = PBXFileReference; includeInIndex = 1; lastKnownFileType = text.xcconfig; name = "Pods-MyTimer.debug.xcconfig"; path = "Target Support Files/Pods-MyTimer/Pods-MyTimer.debug.xcconfig"; sourceTree = "<group>"; };
		7603438C285DDAEF0075F9E7 /* NotiPermission.swift */ = {isa = PBXFileReference; lastKnownFileType = sourcecode.swift; path = NotiPermission.swift; sourceTree = "<group>"; };
		76034390285DFDFE0075F9E7 /* Extension++UILabel.swift */ = {isa = PBXFileReference; lastKnownFileType = sourcecode.swift; path = "Extension++UILabel.swift"; sourceTree = "<group>"; };
		76034392285E00950075F9E7 /* Extension++UIView.swift */ = {isa = PBXFileReference; lastKnownFileType = sourcecode.swift; path = "Extension++UIView.swift"; sourceTree = "<group>"; };
		7603B5372849D51B0016B66C /* SetTimerVC.swift */ = {isa = PBXFileReference; lastKnownFileType = sourcecode.swift; path = SetTimerVC.swift; sourceTree = "<group>"; };
		7603B5392849E74F0016B66C /* PickerViewManager.swift */ = {isa = PBXFileReference; lastKnownFileType = sourcecode.swift; path = PickerViewManager.swift; sourceTree = "<group>"; };
		7603B53B2849EA170016B66C /* SetTimerViewModel.swift */ = {isa = PBXFileReference; lastKnownFileType = sourcecode.swift; path = SetTimerViewModel.swift; sourceTree = "<group>"; };
		7603B53D284A22830016B66C /* DetailTimerViewModel.swift */ = {isa = PBXFileReference; lastKnownFileType = sourcecode.swift; path = DetailTimerViewModel.swift; sourceTree = "<group>"; };
		7621628C287499E40063A3AF /* Extension++UIColor.swift */ = {isa = PBXFileReference; lastKnownFileType = sourcecode.swift; path = "Extension++UIColor.swift"; sourceTree = "<group>"; };
		7621628F2874A01B0063A3AF /* Pretendard-Regular.otf */ = {isa = PBXFileReference; lastKnownFileType = file; path = "Pretendard-Regular.otf"; sourceTree = "<group>"; };
		762162902874A01B0063A3AF /* Pretendard-Bold.otf */ = {isa = PBXFileReference; lastKnownFileType = file; path = "Pretendard-Bold.otf"; sourceTree = "<group>"; };
		762162912874A01B0063A3AF /* Pretendard-SemiBold.otf */ = {isa = PBXFileReference; lastKnownFileType = file; path = "Pretendard-SemiBold.otf"; sourceTree = "<group>"; };
		762162922874A01B0063A3AF /* Pretendard-Medium.otf */ = {isa = PBXFileReference; lastKnownFileType = file; path = "Pretendard-Medium.otf"; sourceTree = "<group>"; };
		762162972874A1870063A3AF /* SplashVC.swift */ = {isa = PBXFileReference; lastKnownFileType = sourcecode.swift; path = SplashVC.swift; sourceTree = "<group>"; };
		76216299287561A50063A3AF /* Extension++UITextView.swift */ = {isa = PBXFileReference; lastKnownFileType = sourcecode.swift; path = "Extension++UITextView.swift"; sourceTree = "<group>"; };
		7621629C2875C9A20063A3AF /* SetTimerView.swift */ = {isa = PBXFileReference; lastKnownFileType = sourcecode.swift; path = SetTimerView.swift; sourceTree = "<group>"; };
		762162A02875D67E0063A3AF /* Extension++UIViewController.swift */ = {isa = PBXFileReference; lastKnownFileType = sourcecode.swift; path = "Extension++UIViewController.swift"; sourceTree = "<group>"; };
		763EAD41287B1AB60019DC27 /* TimerListView.swift */ = {isa = PBXFileReference; lastKnownFileType = sourcecode.swift; path = TimerListView.swift; sourceTree = "<group>"; };
		763EAD43287B25530019DC27 /* DetailTimerView.swift */ = {isa = PBXFileReference; lastKnownFileType = sourcecode.swift; path = DetailTimerView.swift; sourceTree = "<group>"; };
		763EAD45287B29100019DC27 /* AddSectionView.swift */ = {isa = PBXFileReference; lastKnownFileType = sourcecode.swift; path = AddSectionView.swift; sourceTree = "<group>"; };
		763EAD48287B2BB30019DC27 /* SetTimerDelegate.swift */ = {isa = PBXFileReference; lastKnownFileType = sourcecode.swift; path = SetTimerDelegate.swift; sourceTree = "<group>"; };
		763EAD4A287B2C000019DC27 /* SettingsView.swift */ = {isa = PBXFileReference; lastKnownFileType = sourcecode.swift; path = SettingsView.swift; sourceTree = "<group>"; };
		763EAD4C287B2FEC0019DC27 /* CompleteView.swift */ = {isa = PBXFileReference; lastKnownFileType = sourcecode.swift; path = CompleteView.swift; sourceTree = "<group>"; };
		763EAD50287B37B10019DC27 /* CheckView.swift */ = {isa = PBXFileReference; lastKnownFileType = sourcecode.swift; path = CheckView.swift; sourceTree = "<group>"; };
		763EAD52287B3F450019DC27 /* DeleteVC.swift */ = {isa = PBXFileReference; lastKnownFileType = sourcecode.swift; path = DeleteVC.swift; sourceTree = "<group>"; };
		763EAD56287B47CB0019DC27 /* SetSectionVC.swift */ = {isa = PBXFileReference; lastKnownFileType = sourcecode.swift; path = SetSectionVC.swift; sourceTree = "<group>"; };
		76553405284514B900C79484 /* Extension++UIButton.swift */ = {isa = PBXFileReference; lastKnownFileType = sourcecode.swift; path = "Extension++UIButton.swift"; sourceTree = "<group>"; };
		7655891B284600C600DB4FC2 /* AddTimerViewModel.swift */ = {isa = PBXFileReference; lastKnownFileType = sourcecode.swift; path = AddTimerViewModel.swift; sourceTree = "<group>"; };
		7655891F2846239800DB4FC2 /* AddTimerVC.swift */ = {isa = PBXFileReference; lastKnownFileType = sourcecode.swift; path = AddTimerVC.swift; sourceTree = "<group>"; };
		76558921284623A400DB4FC2 /* AddSectionVC.swift */ = {isa = PBXFileReference; lastKnownFileType = sourcecode.swift; path = AddSectionVC.swift; sourceTree = "<group>"; };
		769B5201284F8B7E00C3E5A3 /* 닭소리.mp3 */ = {isa = PBXFileReference; lastKnownFileType = audio.mp3; path = "닭소리.mp3"; sourceTree = "<group>"; };
		769B5203284F9A2600C3E5A3 /* 학교 종소리.mp3 */ = {isa = PBXFileReference; lastKnownFileType = audio.mp3; path = "학교 종소리.mp3"; sourceTree = "<group>"; };
		769B5204284F9A2600C3E5A3 /* 알람5.mp3 */ = {isa = PBXFileReference; lastKnownFileType = audio.mp3; path = "알람5.mp3"; sourceTree = "<group>"; };
		769B5205284F9A2600C3E5A3 /* 알람3.mp3 */ = {isa = PBXFileReference; lastKnownFileType = audio.mp3; path = "알람3.mp3"; sourceTree = "<group>"; };
		769B5206284F9A2600C3E5A3 /* 알람1.mp3 */ = {isa = PBXFileReference; lastKnownFileType = audio.mp3; path = "알람1.mp3"; sourceTree = "<group>"; };
		769B5207284F9A2600C3E5A3 /* 알람6.mp3 */ = {isa = PBXFileReference; lastKnownFileType = audio.mp3; path = "알람6.mp3"; sourceTree = "<group>"; };
		769B5208284F9A2700C3E5A3 /* 알람4.mp3 */ = {isa = PBXFileReference; lastKnownFileType = audio.mp3; path = "알람4.mp3"; sourceTree = "<group>"; };
		769B5209284F9A2700C3E5A3 /* 전화 벨소리.mp3 */ = {isa = PBXFileReference; lastKnownFileType = audio.mp3; path = "전화 벨소리.mp3"; sourceTree = "<group>"; };
		769B520A284F9A2700C3E5A3 /* 알람8.mp3 */ = {isa = PBXFileReference; lastKnownFileType = audio.mp3; path = "알람8.mp3"; sourceTree = "<group>"; };
		769B520B284F9A2700C3E5A3 /* 사이렌.mp3 */ = {isa = PBXFileReference; lastKnownFileType = audio.mp3; path = "사이렌.mp3"; sourceTree = "<group>"; };
		769B520C284F9A2700C3E5A3 /* 알람2.mp3 */ = {isa = PBXFileReference; lastKnownFileType = audio.mp3; path = "알람2.mp3"; sourceTree = "<group>"; };
		769B520D284F9A2700C3E5A3 /* 알람7.mp3 */ = {isa = PBXFileReference; lastKnownFileType = audio.mp3; path = "알람7.mp3"; sourceTree = "<group>"; };
		769B5219284F9A3C00C3E5A3 /* AlarmSound.swift */ = {isa = PBXFileReference; lastKnownFileType = sourcecode.swift; path = AlarmSound.swift; sourceTree = "<group>"; };
		769B521B284F9E6600C3E5A3 /* SettingsVC.swift */ = {isa = PBXFileReference; lastKnownFileType = sourcecode.swift; path = SettingsVC.swift; sourceTree = "<group>"; };
		769B521F284FA43400C3E5A3 /* SettingsViewModel.swift */ = {isa = PBXFileReference; lastKnownFileType = sourcecode.swift; path = SettingsViewModel.swift; sourceTree = "<group>"; };
		76B3DC592849062800342295 /* DetailTimerVC.swift */ = {isa = PBXFileReference; lastKnownFileType = sourcecode.swift; path = DetailTimerVC.swift; sourceTree = "<group>"; };
		76B3DC5F284928CC00342295 /* CircleProgressBar.swift */ = {isa = PBXFileReference; lastKnownFileType = sourcecode.swift; path = CircleProgressBar.swift; sourceTree = "<group>"; };
		76CC802D2844901100683831 /* Section.swift */ = {isa = PBXFileReference; lastKnownFileType = sourcecode.swift; path = Section.swift; sourceTree = "<group>"; };
		76CC80392844DE0A00683831 /* TimerManager.swift */ = {isa = PBXFileReference; lastKnownFileType = sourcecode.swift; path = TimerManager.swift; sourceTree = "<group>"; };
		76D9AE0E2843637200A2F5B9 /* MyTimer.app */ = {isa = PBXFileReference; explicitFileType = wrapper.application; includeInIndex = 0; path = MyTimer.app; sourceTree = BUILT_PRODUCTS_DIR; };
		76D9AE112843637200A2F5B9 /* AppDelegate.swift */ = {isa = PBXFileReference; lastKnownFileType = sourcecode.swift; path = AppDelegate.swift; sourceTree = "<group>"; };
		76D9AE132843637200A2F5B9 /* SceneDelegate.swift */ = {isa = PBXFileReference; lastKnownFileType = sourcecode.swift; path = SceneDelegate.swift; sourceTree = "<group>"; };
		76D9AE152843637200A2F5B9 /* TimerListVC.swift */ = {isa = PBXFileReference; lastKnownFileType = sourcecode.swift; path = TimerListVC.swift; sourceTree = "<group>"; };
		76D9AE182843637200A2F5B9 /* Base */ = {isa = PBXFileReference; lastKnownFileType = file.storyboard; name = Base; path = Base.lproj/Main.storyboard; sourceTree = "<group>"; };
		76D9AE1A2843637400A2F5B9 /* Assets.xcassets */ = {isa = PBXFileReference; lastKnownFileType = folder.assetcatalog; path = Assets.xcassets; sourceTree = "<group>"; };
		76D9AE1D2843637400A2F5B9 /* Base */ = {isa = PBXFileReference; lastKnownFileType = file.storyboard; name = Base; path = Base.lproj/LaunchScreen.storyboard; sourceTree = "<group>"; };
		76D9AE1F2843637400A2F5B9 /* Info.plist */ = {isa = PBXFileReference; lastKnownFileType = text.plist.xml; path = Info.plist; sourceTree = "<group>"; };
		76D9AE362843B16400A2F5B9 /* TimerListCell.swift */ = {isa = PBXFileReference; lastKnownFileType = sourcecode.swift; path = TimerListCell.swift; sourceTree = "<group>"; };
		76D9AE3A2843C69100A2F5B9 /* TimerViewModel.swift */ = {isa = PBXFileReference; lastKnownFileType = sourcecode.swift; path = TimerViewModel.swift; sourceTree = "<group>"; };
		76D9AE3C2843C8B200A2F5B9 /* TimerListHeaderCell.swift */ = {isa = PBXFileReference; lastKnownFileType = sourcecode.swift; path = TimerListHeaderCell.swift; sourceTree = "<group>"; };
		76D9AE3E2843C91A00A2F5B9 /* MyTimer.swift */ = {isa = PBXFileReference; lastKnownFileType = sourcecode.swift; path = MyTimer.swift; sourceTree = "<group>"; };
/* End PBXFileReference section */

/* Begin PBXFrameworksBuildPhase section */
		76D9AE0B2843637200A2F5B9 /* Frameworks */ = {
			isa = PBXFrameworksBuildPhase;
			buildActionMask = 2147483647;
			files = (
				DEFA9523DAB1C051875ACCAB /* Pods_MyTimer.framework in Frameworks */,
			);
			runOnlyForDeploymentPostprocessing = 0;
		};
/* End PBXFrameworksBuildPhase section */

/* Begin PBXGroup section */
		7621628E2874A00C0063A3AF /* Fonts */ = {
			isa = PBXGroup;
			children = (
				762162902874A01B0063A3AF /* Pretendard-Bold.otf */,
				762162922874A01B0063A3AF /* Pretendard-Medium.otf */,
				7621628F2874A01B0063A3AF /* Pretendard-Regular.otf */,
				762162912874A01B0063A3AF /* Pretendard-SemiBold.otf */,
			);
			path = Fonts;
			sourceTree = "<group>";
		};
		7621629F2875D63B0063A3AF /* Managers */ = {
			isa = PBXGroup;
			children = (
				76CC80392844DE0A00683831 /* TimerManager.swift */,
				7603B5392849E74F0016B66C /* PickerViewManager.swift */,
			);
			path = Managers;
			sourceTree = "<group>";
		};
		763EAD47287B2BA60019DC27 /* Delegates */ = {
			isa = PBXGroup;
			children = (
				76D9AE112843637200A2F5B9 /* AppDelegate.swift */,
				76D9AE132843637200A2F5B9 /* SceneDelegate.swift */,
			);
			path = Delegates;
			sourceTree = "<group>";
		};
		7646D4FD2BD7E2EA0026E4E4 /* Sources */ = {
			isa = PBXGroup;
			children = (
				7646D5012BD7E3D10026E4E4 /* Presentation */,
				763EAD47287B2BA60019DC27 /* Delegates */,
				7621629F2875D63B0063A3AF /* Managers */,
				76D9AE2A284368DD00A2F5B9 /* Utilities */,
				76D9AE27284368CB00A2F5B9 /* Model */,
			);
			path = Sources;
			sourceTree = "<group>";
		};
		7646D4FE2BD7E2F60026E4E4 /* Resources */ = {
			isa = PBXGroup;
			children = (
				7621628E2874A00C0063A3AF /* Fonts */,
				769B5200284F8B7400C3E5A3 /* AlarmSounds */,
				76D9AE1A2843637400A2F5B9 /* Assets.xcassets */,
				76D9AE172843637200A2F5B9 /* Main.storyboard */,
				76D9AE1C2843637400A2F5B9 /* LaunchScreen.storyboard */,
			);
			path = Resources;
			sourceTree = "<group>";
		};
		7646D4FF2BD7E2FE0026E4E4 /* Supporting files */ = {
			isa = PBXGroup;
			children = (
				76D9AE1F2843637400A2F5B9 /* Info.plist */,
			);
			path = "Supporting files";
			sourceTree = "<group>";
		};
		7646D5002BD7E3BD0026E4E4 /* TimerList */ = {
			isa = PBXGroup;
			children = (
				76D9AE3A2843C69100A2F5B9 /* TimerViewModel.swift */,
				76D9AE3C2843C8B200A2F5B9 /* TimerListHeaderCell.swift */,
				76D9AE362843B16400A2F5B9 /* TimerListCell.swift */,
				763EAD41287B1AB60019DC27 /* TimerListView.swift */,
				76D9AE152843637200A2F5B9 /* TimerListVC.swift */,
			);
			path = TimerList;
			sourceTree = "<group>";
		};
		7646D5012BD7E3D10026E4E4 /* Presentation */ = {
			isa = PBXGroup;
			children = (
				7646D5092BD7E5AC0026E4E4 /* Splash */,
				7646D5002BD7E3BD0026E4E4 /* TimerList */,
				7646D5022BD7E5640026E4E4 /* DetailTimer */,
				7646D5032BD7E5770026E4E4 /* AddSection */,
				7646D5042BD7E57D0026E4E4 /* SetSection */,
				7646D5052BD7E58F0026E4E4 /* AddTimer */,
				7646D5062BD7E5960026E4E4 /* SetTimer */,
				7646D5082BD7E5A70026E4E4 /* Delete */,
				7646D5072BD7E59C0026E4E4 /* Settings */,
			);
			path = Presentation;
			sourceTree = "<group>";
		};
		7646D5022BD7E5640026E4E4 /* DetailTimer */ = {
			isa = PBXGroup;
			children = (
				7603B53D284A22830016B66C /* DetailTimerViewModel.swift */,
				763EAD43287B25530019DC27 /* DetailTimerView.swift */,
				76B3DC592849062800342295 /* DetailTimerVC.swift */,
			);
			path = DetailTimer;
			sourceTree = "<group>";
		};
		7646D5032BD7E5770026E4E4 /* AddSection */ = {
			isa = PBXGroup;
			children = (
				763EAD45287B29100019DC27 /* AddSectionView.swift */,
				76558921284623A400DB4FC2 /* AddSectionVC.swift */,
			);
			path = AddSection;
			sourceTree = "<group>";
		};
		7646D5042BD7E57D0026E4E4 /* SetSection */ = {
			isa = PBXGroup;
			children = (
				763EAD56287B47CB0019DC27 /* SetSectionVC.swift */,
			);
			path = SetSection;
			sourceTree = "<group>";
		};
		7646D5052BD7E58F0026E4E4 /* AddTimer */ = {
			isa = PBXGroup;
			children = (
				7655891B284600C600DB4FC2 /* AddTimerViewModel.swift */,
				7655891F2846239800DB4FC2 /* AddTimerVC.swift */,
			);
			path = AddTimer;
			sourceTree = "<group>";
		};
		7646D5062BD7E5960026E4E4 /* SetTimer */ = {
			isa = PBXGroup;
			children = (
				763EAD48287B2BB30019DC27 /* SetTimerDelegate.swift */,
				7603B53B2849EA170016B66C /* SetTimerViewModel.swift */,
				7621629C2875C9A20063A3AF /* SetTimerView.swift */,
				7603B5372849D51B0016B66C /* SetTimerVC.swift */,
			);
			path = SetTimer;
			sourceTree = "<group>";
		};
		7646D5072BD7E59C0026E4E4 /* Settings */ = {
			isa = PBXGroup;
			children = (
				769B521F284FA43400C3E5A3 /* SettingsViewModel.swift */,
				763EAD4A287B2C000019DC27 /* SettingsView.swift */,
				769B521B284F9E6600C3E5A3 /* SettingsVC.swift */,
			);
			path = Settings;
			sourceTree = "<group>";
		};
		7646D5082BD7E5A70026E4E4 /* Delete */ = {
			isa = PBXGroup;
			children = (
				763EAD50287B37B10019DC27 /* CheckView.swift */,
				763EAD52287B3F450019DC27 /* DeleteVC.swift */,
			);
			path = Delete;
			sourceTree = "<group>";
		};
		7646D5092BD7E5AC0026E4E4 /* Splash */ = {
			isa = PBXGroup;
			children = (
				762162972874A1870063A3AF /* SplashVC.swift */,
			);
			path = Splash;
			sourceTree = "<group>";
		};
		7646D50A2BD7E70C0026E4E4 /* CustomViews */ = {
			isa = PBXGroup;
			children = (
				76B3DC5F284928CC00342295 /* CircleProgressBar.swift */,
				763EAD4C287B2FEC0019DC27 /* CompleteView.swift */,
			);
			path = CustomViews;
			sourceTree = "<group>";
		};
		769B5200284F8B7400C3E5A3 /* AlarmSounds */ = {
			isa = PBXGroup;
			children = (
				769B5206284F9A2600C3E5A3 /* 알람1.mp3 */,
				769B520C284F9A2700C3E5A3 /* 알람2.mp3 */,
				769B5205284F9A2600C3E5A3 /* 알람3.mp3 */,
				769B5208284F9A2700C3E5A3 /* 알람4.mp3 */,
				769B5204284F9A2600C3E5A3 /* 알람5.mp3 */,
				769B5207284F9A2600C3E5A3 /* 알람6.mp3 */,
				769B520D284F9A2700C3E5A3 /* 알람7.mp3 */,
				769B520A284F9A2700C3E5A3 /* 알람8.mp3 */,
				769B5203284F9A2600C3E5A3 /* 학교 종소리.mp3 */,
				769B520B284F9A2700C3E5A3 /* 사이렌.mp3 */,
				769B5209284F9A2700C3E5A3 /* 전화 벨소리.mp3 */,
				769B5201284F8B7E00C3E5A3 /* 닭소리.mp3 */,
			);
			path = AlarmSounds;
			sourceTree = "<group>";
		};
		76D9AE052843637200A2F5B9 = {
			isa = PBXGroup;
			children = (
				76D9AE102843637200A2F5B9 /* MyTimer */,
				76D9AE0F2843637200A2F5B9 /* Products */,
				EBD893446AF89DC23C07F0D9 /* Pods */,
				D12D5954E32903114DE9F756 /* Frameworks */,
			);
			sourceTree = "<group>";
		};
		76D9AE0F2843637200A2F5B9 /* Products */ = {
			isa = PBXGroup;
			children = (
				76D9AE0E2843637200A2F5B9 /* MyTimer.app */,
			);
			name = Products;
			sourceTree = "<group>";
		};
		76D9AE102843637200A2F5B9 /* MyTimer */ = {
			isa = PBXGroup;
			children = (
				7646D4FF2BD7E2FE0026E4E4 /* Supporting files */,
				7646D4FE2BD7E2F60026E4E4 /* Resources */,
				7646D4FD2BD7E2EA0026E4E4 /* Sources */,
			);
			path = MyTimer;
			sourceTree = "<group>";
		};
		76D9AE27284368CB00A2F5B9 /* Model */ = {
			isa = PBXGroup;
			children = (
				76D9AE3E2843C91A00A2F5B9 /* MyTimer.swift */,
				76CC802D2844901100683831 /* Section.swift */,
			);
			path = Model;
			sourceTree = "<group>";
		};
		76D9AE2A284368DD00A2F5B9 /* Utilities */ = {
			isa = PBXGroup;
			children = (
				7646D50A2BD7E70C0026E4E4 /* CustomViews */,
				76D9AE33284383EC00A2F5B9 /* Extensions */,
				769B5219284F9A3C00C3E5A3 /* AlarmSound.swift */,
				7603438C285DDAEF0075F9E7 /* NotiPermission.swift */,
			);
			path = Utilities;
			sourceTree = "<group>";
		};
		76D9AE33284383EC00A2F5B9 /* Extensions */ = {
			isa = PBXGroup;
			children = (
				7621628C287499E40063A3AF /* Extension++UIColor.swift */,
				76034390285DFDFE0075F9E7 /* Extension++UILabel.swift */,
				76553405284514B900C79484 /* Extension++UIButton.swift */,
				76216299287561A50063A3AF /* Extension++UITextView.swift */,
				76034392285E00950075F9E7 /* Extension++UIView.swift */,
				762162A02875D67E0063A3AF /* Extension++UIViewController.swift */,
			);
			path = Extensions;
			sourceTree = "<group>";
		};
		D12D5954E32903114DE9F756 /* Frameworks */ = {
			isa = PBXGroup;
			children = (
				440F088CC7FA7E29B462743C /* Pods_MyTimer.framework */,
			);
			name = Frameworks;
			sourceTree = "<group>";
		};
		EBD893446AF89DC23C07F0D9 /* Pods */ = {
			isa = PBXGroup;
			children = (
				62188C104FED3EA5DDEA309C /* Pods-MyTimer.debug.xcconfig */,
				0B6F2167A43B1BD151D1DC4A /* Pods-MyTimer.release.xcconfig */,
			);
			path = Pods;
			sourceTree = "<group>";
		};
/* End PBXGroup section */

/* Begin PBXNativeTarget section */
		76D9AE0D2843637200A2F5B9 /* MyTimer */ = {
			isa = PBXNativeTarget;
			buildConfigurationList = 76D9AE222843637400A2F5B9 /* Build configuration list for PBXNativeTarget "MyTimer" */;
			buildPhases = (
				01DB21C52A7E0DA818205056 /* [CP] Check Pods Manifest.lock */,
				76D9AE0A2843637200A2F5B9 /* Sources */,
				76D9AE0B2843637200A2F5B9 /* Frameworks */,
				76D9AE0C2843637200A2F5B9 /* Resources */,
				6B4F546853068273E3AEC910 /* [CP] Embed Pods Frameworks */,
			);
			buildRules = (
			);
			dependencies = (
			);
			name = MyTimer;
			productName = MyTimer;
			productReference = 76D9AE0E2843637200A2F5B9 /* MyTimer.app */;
			productType = "com.apple.product-type.application";
		};
/* End PBXNativeTarget section */

/* Begin PBXProject section */
		76D9AE062843637200A2F5B9 /* Project object */ = {
			isa = PBXProject;
			attributes = {
				BuildIndependentTargetsInParallel = 1;
				LastSwiftUpdateCheck = 1330;
				LastUpgradeCheck = 1330;
				TargetAttributes = {
					76D9AE0D2843637200A2F5B9 = {
						CreatedOnToolsVersion = 13.3.1;
					};
				};
			};
			buildConfigurationList = 76D9AE092843637200A2F5B9 /* Build configuration list for PBXProject "MyTimer" */;
			compatibilityVersion = "Xcode 13.0";
			developmentRegion = en;
			hasScannedForEncodings = 0;
			knownRegions = (
				en,
				Base,
			);
			mainGroup = 76D9AE052843637200A2F5B9;
			productRefGroup = 76D9AE0F2843637200A2F5B9 /* Products */;
			projectDirPath = "";
			projectRoot = "";
			targets = (
				76D9AE0D2843637200A2F5B9 /* MyTimer */,
			);
		};
/* End PBXProject section */

/* Begin PBXResourcesBuildPhase section */
		76D9AE0C2843637200A2F5B9 /* Resources */ = {
			isa = PBXResourcesBuildPhase;
			buildActionMask = 2147483647;
			files = (
				769B5215284F9A2700C3E5A3 /* 알람8.mp3 in Resources */,
				76D9AE1E2843637400A2F5B9 /* LaunchScreen.storyboard in Resources */,
				769B520F284F9A2700C3E5A3 /* 알람5.mp3 in Resources */,
				769B5212284F9A2700C3E5A3 /* 알람6.mp3 in Resources */,
				769B520E284F9A2700C3E5A3 /* 학교 종소리.mp3 in Resources */,
				762162932874A01B0063A3AF /* Pretendard-Regular.otf in Resources */,
				76D9AE1B2843637400A2F5B9 /* Assets.xcassets in Resources */,
				769B5202284F8B7E00C3E5A3 /* 닭소리.mp3 in Resources */,
				762162942874A01B0063A3AF /* Pretendard-Bold.otf in Resources */,
				769B5216284F9A2700C3E5A3 /* 사이렌.mp3 in Resources */,
				762162962874A01B0063A3AF /* Pretendard-Medium.otf in Resources */,
				769B5210284F9A2700C3E5A3 /* 알람3.mp3 in Resources */,
				769B5218284F9A2700C3E5A3 /* 알람7.mp3 in Resources */,
				769B5217284F9A2700C3E5A3 /* 알람2.mp3 in Resources */,
				769B5211284F9A2700C3E5A3 /* 알람1.mp3 in Resources */,
				769B5213284F9A2700C3E5A3 /* 알람4.mp3 in Resources */,
				762162952874A01B0063A3AF /* Pretendard-SemiBold.otf in Resources */,
				769B5214284F9A2700C3E5A3 /* 전화 벨소리.mp3 in Resources */,
				76D9AE192843637200A2F5B9 /* Main.storyboard in Resources */,
			);
			runOnlyForDeploymentPostprocessing = 0;
		};
/* End PBXResourcesBuildPhase section */

/* Begin PBXShellScriptBuildPhase section */
		01DB21C52A7E0DA818205056 /* [CP] Check Pods Manifest.lock */ = {
			isa = PBXShellScriptBuildPhase;
			buildActionMask = 2147483647;
			files = (
			);
			inputFileListPaths = (
			);
			inputPaths = (
				"${PODS_PODFILE_DIR_PATH}/Podfile.lock",
				"${PODS_ROOT}/Manifest.lock",
			);
			name = "[CP] Check Pods Manifest.lock";
			outputFileListPaths = (
			);
			outputPaths = (
				"$(DERIVED_FILE_DIR)/Pods-MyTimer-checkManifestLockResult.txt",
			);
			runOnlyForDeploymentPostprocessing = 0;
			shellPath = /bin/sh;
			shellScript = "diff \"${PODS_PODFILE_DIR_PATH}/Podfile.lock\" \"${PODS_ROOT}/Manifest.lock\" > /dev/null\nif [ $? != 0 ] ; then\n    # print error to STDERR\n    echo \"error: The sandbox is not in sync with the Podfile.lock. Run 'pod install' or update your CocoaPods installation.\" >&2\n    exit 1\nfi\n# This output is used by Xcode 'outputs' to avoid re-running this script phase.\necho \"SUCCESS\" > \"${SCRIPT_OUTPUT_FILE_0}\"\n";
			showEnvVarsInLog = 0;
		};
		6B4F546853068273E3AEC910 /* [CP] Embed Pods Frameworks */ = {
			isa = PBXShellScriptBuildPhase;
			buildActionMask = 2147483647;
			files = (
			);
			inputFileListPaths = (
				"${PODS_ROOT}/Target Support Files/Pods-MyTimer/Pods-MyTimer-frameworks-${CONFIGURATION}-input-files.xcfilelist",
			);
			name = "[CP] Embed Pods Frameworks";
			outputFileListPaths = (
				"${PODS_ROOT}/Target Support Files/Pods-MyTimer/Pods-MyTimer-frameworks-${CONFIGURATION}-output-files.xcfilelist",
			);
			runOnlyForDeploymentPostprocessing = 0;
			shellPath = /bin/sh;
			shellScript = "\"${PODS_ROOT}/Target Support Files/Pods-MyTimer/Pods-MyTimer-frameworks.sh\"\n";
			showEnvVarsInLog = 0;
		};
/* End PBXShellScriptBuildPhase section */

/* Begin PBXSourcesBuildPhase section */
		76D9AE0A2843637200A2F5B9 /* Sources */ = {
			isa = PBXSourcesBuildPhase;
			buildActionMask = 2147483647;
			files = (
				763EAD4B287B2C000019DC27 /* SettingsView.swift in Sources */,
				76558922284623A400DB4FC2 /* AddSectionVC.swift in Sources */,
				76D9AE3B2843C69100A2F5B9 /* TimerViewModel.swift in Sources */,
				7603438D285DDAEF0075F9E7 /* NotiPermission.swift in Sources */,
				76CC802E2844901100683831 /* Section.swift in Sources */,
				762162A12875D67E0063A3AF /* Extension++UIViewController.swift in Sources */,
				76B3DC5A2849062800342295 /* DetailTimerVC.swift in Sources */,
				763EAD42287B1AB60019DC27 /* TimerListView.swift in Sources */,
				763EAD51287B37B10019DC27 /* CheckView.swift in Sources */,
				769B521C284F9E6600C3E5A3 /* SettingsVC.swift in Sources */,
				7603B53E284A22830016B66C /* DetailTimerViewModel.swift in Sources */,
				76D9AE162843637200A2F5B9 /* TimerListVC.swift in Sources */,
				76B3DC60284928CC00342295 /* CircleProgressBar.swift in Sources */,
				763EAD49287B2BB30019DC27 /* SetTimerDelegate.swift in Sources */,
				7621629A287561A50063A3AF /* Extension++UITextView.swift in Sources */,
				76034393285E00950075F9E7 /* Extension++UIView.swift in Sources */,
				76034391285DFDFE0075F9E7 /* Extension++UILabel.swift in Sources */,
				762162982874A1870063A3AF /* SplashVC.swift in Sources */,
				763EAD57287B47CB0019DC27 /* SetSectionVC.swift in Sources */,
				7603B5382849D51B0016B66C /* SetTimerVC.swift in Sources */,
				76CC803A2844DE0A00683831 /* TimerManager.swift in Sources */,
				76D9AE3F2843C91A00A2F5B9 /* MyTimer.swift in Sources */,
				76D9AE122843637200A2F5B9 /* AppDelegate.swift in Sources */,
				7655891C284600C600DB4FC2 /* AddTimerViewModel.swift in Sources */,
				76D9AE142843637200A2F5B9 /* SceneDelegate.swift in Sources */,
				7621629D2875C9A20063A3AF /* SetTimerView.swift in Sources */,
				763EAD53287B3F450019DC27 /* DeleteVC.swift in Sources */,
				763EAD46287B29100019DC27 /* AddSectionView.swift in Sources */,
				7621628D287499E40063A3AF /* Extension++UIColor.swift in Sources */,
				7603B53A2849E74F0016B66C /* PickerViewManager.swift in Sources */,
				7603B53C2849EA170016B66C /* SetTimerViewModel.swift in Sources */,
				769B521A284F9A3C00C3E5A3 /* AlarmSound.swift in Sources */,
				763EAD4D287B2FEC0019DC27 /* CompleteView.swift in Sources */,
				76D9AE3D2843C8B200A2F5B9 /* TimerListHeaderCell.swift in Sources */,
				769B5220284FA43400C3E5A3 /* SettingsViewModel.swift in Sources */,
				765589202846239800DB4FC2 /* AddTimerVC.swift in Sources */,
				76553406284514B900C79484 /* Extension++UIButton.swift in Sources */,
				76D9AE382843B16400A2F5B9 /* TimerListCell.swift in Sources */,
				763EAD44287B25530019DC27 /* DetailTimerView.swift in Sources */,
			);
			runOnlyForDeploymentPostprocessing = 0;
		};
/* End PBXSourcesBuildPhase section */

/* Begin PBXVariantGroup section */
		76D9AE172843637200A2F5B9 /* Main.storyboard */ = {
			isa = PBXVariantGroup;
			children = (
				76D9AE182843637200A2F5B9 /* Base */,
			);
			name = Main.storyboard;
			sourceTree = "<group>";
		};
		76D9AE1C2843637400A2F5B9 /* LaunchScreen.storyboard */ = {
			isa = PBXVariantGroup;
			children = (
				76D9AE1D2843637400A2F5B9 /* Base */,
			);
			name = LaunchScreen.storyboard;
			sourceTree = "<group>";
		};
/* End PBXVariantGroup section */

/* Begin XCBuildConfiguration section */
		76D9AE202843637400A2F5B9 /* Debug */ = {
			isa = XCBuildConfiguration;
			buildSettings = {
				ALWAYS_SEARCH_USER_PATHS = NO;
				CLANG_ANALYZER_NONNULL = YES;
				CLANG_ANALYZER_NUMBER_OBJECT_CONVERSION = YES_AGGRESSIVE;
				CLANG_CXX_LANGUAGE_STANDARD = "gnu++17";
				CLANG_ENABLE_MODULES = YES;
				CLANG_ENABLE_OBJC_ARC = YES;
				CLANG_ENABLE_OBJC_WEAK = YES;
				CLANG_WARN_BLOCK_CAPTURE_AUTORELEASING = YES;
				CLANG_WARN_BOOL_CONVERSION = YES;
				CLANG_WARN_COMMA = YES;
				CLANG_WARN_CONSTANT_CONVERSION = YES;
				CLANG_WARN_DEPRECATED_OBJC_IMPLEMENTATIONS = YES;
				CLANG_WARN_DIRECT_OBJC_ISA_USAGE = YES_ERROR;
				CLANG_WARN_DOCUMENTATION_COMMENTS = YES;
				CLANG_WARN_EMPTY_BODY = YES;
				CLANG_WARN_ENUM_CONVERSION = YES;
				CLANG_WARN_INFINITE_RECURSION = YES;
				CLANG_WARN_INT_CONVERSION = YES;
				CLANG_WARN_NON_LITERAL_NULL_CONVERSION = YES;
				CLANG_WARN_OBJC_IMPLICIT_RETAIN_SELF = YES;
				CLANG_WARN_OBJC_LITERAL_CONVERSION = YES;
				CLANG_WARN_OBJC_ROOT_CLASS = YES_ERROR;
				CLANG_WARN_QUOTED_INCLUDE_IN_FRAMEWORK_HEADER = YES;
				CLANG_WARN_RANGE_LOOP_ANALYSIS = YES;
				CLANG_WARN_STRICT_PROTOTYPES = YES;
				CLANG_WARN_SUSPICIOUS_MOVE = YES;
				CLANG_WARN_UNGUARDED_AVAILABILITY = YES_AGGRESSIVE;
				CLANG_WARN_UNREACHABLE_CODE = YES;
				CLANG_WARN__DUPLICATE_METHOD_MATCH = YES;
				COPY_PHASE_STRIP = NO;
				DEBUG_INFORMATION_FORMAT = dwarf;
				ENABLE_STRICT_OBJC_MSGSEND = YES;
				ENABLE_TESTABILITY = YES;
				GCC_C_LANGUAGE_STANDARD = gnu11;
				GCC_DYNAMIC_NO_PIC = NO;
				GCC_NO_COMMON_BLOCKS = YES;
				GCC_OPTIMIZATION_LEVEL = 0;
				GCC_PREPROCESSOR_DEFINITIONS = (
					"DEBUG=1",
					"$(inherited)",
				);
				GCC_WARN_64_TO_32_BIT_CONVERSION = YES;
				GCC_WARN_ABOUT_RETURN_TYPE = YES_ERROR;
				GCC_WARN_UNDECLARED_SELECTOR = YES;
				GCC_WARN_UNINITIALIZED_AUTOS = YES_AGGRESSIVE;
				GCC_WARN_UNUSED_FUNCTION = YES;
				GCC_WARN_UNUSED_VARIABLE = YES;
				IPHONEOS_DEPLOYMENT_TARGET = 15.4;
				MTL_ENABLE_DEBUG_INFO = INCLUDE_SOURCE;
				MTL_FAST_MATH = YES;
				ONLY_ACTIVE_ARCH = YES;
				SDKROOT = iphoneos;
				SWIFT_ACTIVE_COMPILATION_CONDITIONS = DEBUG;
				SWIFT_OPTIMIZATION_LEVEL = "-Onone";
			};
			name = Debug;
		};
		76D9AE212843637400A2F5B9 /* Release */ = {
			isa = XCBuildConfiguration;
			buildSettings = {
				ALWAYS_SEARCH_USER_PATHS = NO;
				CLANG_ANALYZER_NONNULL = YES;
				CLANG_ANALYZER_NUMBER_OBJECT_CONVERSION = YES_AGGRESSIVE;
				CLANG_CXX_LANGUAGE_STANDARD = "gnu++17";
				CLANG_ENABLE_MODULES = YES;
				CLANG_ENABLE_OBJC_ARC = YES;
				CLANG_ENABLE_OBJC_WEAK = YES;
				CLANG_WARN_BLOCK_CAPTURE_AUTORELEASING = YES;
				CLANG_WARN_BOOL_CONVERSION = YES;
				CLANG_WARN_COMMA = YES;
				CLANG_WARN_CONSTANT_CONVERSION = YES;
				CLANG_WARN_DEPRECATED_OBJC_IMPLEMENTATIONS = YES;
				CLANG_WARN_DIRECT_OBJC_ISA_USAGE = YES_ERROR;
				CLANG_WARN_DOCUMENTATION_COMMENTS = YES;
				CLANG_WARN_EMPTY_BODY = YES;
				CLANG_WARN_ENUM_CONVERSION = YES;
				CLANG_WARN_INFINITE_RECURSION = YES;
				CLANG_WARN_INT_CONVERSION = YES;
				CLANG_WARN_NON_LITERAL_NULL_CONVERSION = YES;
				CLANG_WARN_OBJC_IMPLICIT_RETAIN_SELF = YES;
				CLANG_WARN_OBJC_LITERAL_CONVERSION = YES;
				CLANG_WARN_OBJC_ROOT_CLASS = YES_ERROR;
				CLANG_WARN_QUOTED_INCLUDE_IN_FRAMEWORK_HEADER = YES;
				CLANG_WARN_RANGE_LOOP_ANALYSIS = YES;
				CLANG_WARN_STRICT_PROTOTYPES = YES;
				CLANG_WARN_SUSPICIOUS_MOVE = YES;
				CLANG_WARN_UNGUARDED_AVAILABILITY = YES_AGGRESSIVE;
				CLANG_WARN_UNREACHABLE_CODE = YES;
				CLANG_WARN__DUPLICATE_METHOD_MATCH = YES;
				COPY_PHASE_STRIP = NO;
				DEBUG_INFORMATION_FORMAT = "dwarf-with-dsym";
				ENABLE_NS_ASSERTIONS = NO;
				ENABLE_STRICT_OBJC_MSGSEND = YES;
				GCC_C_LANGUAGE_STANDARD = gnu11;
				GCC_NO_COMMON_BLOCKS = YES;
				GCC_WARN_64_TO_32_BIT_CONVERSION = YES;
				GCC_WARN_ABOUT_RETURN_TYPE = YES_ERROR;
				GCC_WARN_UNDECLARED_SELECTOR = YES;
				GCC_WARN_UNINITIALIZED_AUTOS = YES_AGGRESSIVE;
				GCC_WARN_UNUSED_FUNCTION = YES;
				GCC_WARN_UNUSED_VARIABLE = YES;
				IPHONEOS_DEPLOYMENT_TARGET = 15.4;
				MTL_ENABLE_DEBUG_INFO = NO;
				MTL_FAST_MATH = YES;
				SDKROOT = iphoneos;
				SWIFT_COMPILATION_MODE = wholemodule;
				SWIFT_OPTIMIZATION_LEVEL = "-O";
				VALIDATE_PRODUCT = YES;
			};
			name = Release;
		};
		76D9AE232843637400A2F5B9 /* Debug */ = {
			isa = XCBuildConfiguration;
			baseConfigurationReference = 62188C104FED3EA5DDEA309C /* Pods-MyTimer.debug.xcconfig */;
			buildSettings = {
				ASSETCATALOG_COMPILER_APPICON_NAME = AppIcon;
				ASSETCATALOG_COMPILER_GLOBAL_ACCENT_COLOR_NAME = AccentColor;
				CODE_SIGN_STYLE = Automatic;
				CURRENT_PROJECT_VERSION = 1;
				DEVELOPMENT_TEAM = Y7PRM9H29K;
				GENERATE_INFOPLIST_FILE = YES;
				INFOPLIST_FILE = MyTimer/Info.plist;
				INFOPLIST_KEY_UIApplicationSupportsIndirectInputEvents = YES;
				INFOPLIST_KEY_UILaunchStoryboardName = LaunchScreen;
				INFOPLIST_KEY_UIMainStoryboardFile = Main;
				INFOPLIST_KEY_UISupportedInterfaceOrientations_iPad = "UIInterfaceOrientationPortrait UIInterfaceOrientationPortraitUpsideDown UIInterfaceOrientationLandscapeLeft UIInterfaceOrientationLandscapeRight";
				INFOPLIST_KEY_UISupportedInterfaceOrientations_iPhone = "UIInterfaceOrientationPortrait UIInterfaceOrientationLandscapeLeft UIInterfaceOrientationLandscapeRight";
				INFOPLIST_KEY_UIUserInterfaceStyle = Light;
				IPHONEOS_DEPLOYMENT_TARGET = 15.4;
				LD_RUNPATH_SEARCH_PATHS = (
					"$(inherited)",
					"@executable_path/Frameworks",
				);
				MARKETING_VERSION = 1.1;
				PRODUCT_BUNDLE_IDENTIFIER = com.ohjun.MyTimer;
				PRODUCT_NAME = "$(TARGET_NAME)";
				SWIFT_EMIT_LOC_STRINGS = YES;
				SWIFT_VERSION = 5.0;
				TARGETED_DEVICE_FAMILY = "1,2";
			};
			name = Debug;
		};
		76D9AE242843637400A2F5B9 /* Release */ = {
			isa = XCBuildConfiguration;
			baseConfigurationReference = 0B6F2167A43B1BD151D1DC4A /* Pods-MyTimer.release.xcconfig */;
			buildSettings = {
				ASSETCATALOG_COMPILER_APPICON_NAME = AppIcon;
				ASSETCATALOG_COMPILER_GLOBAL_ACCENT_COLOR_NAME = AccentColor;
				CODE_SIGN_STYLE = Automatic;
				CURRENT_PROJECT_VERSION = 1;
				DEVELOPMENT_TEAM = Y7PRM9H29K;
				GENERATE_INFOPLIST_FILE = YES;
				INFOPLIST_FILE = MyTimer/Info.plist;
				INFOPLIST_KEY_UIApplicationSupportsIndirectInputEvents = YES;
				INFOPLIST_KEY_UILaunchStoryboardName = LaunchScreen;
				INFOPLIST_KEY_UIMainStoryboardFile = Main;
				INFOPLIST_KEY_UISupportedInterfaceOrientations_iPad = "UIInterfaceOrientationPortrait UIInterfaceOrientationPortraitUpsideDown UIInterfaceOrientationLandscapeLeft UIInterfaceOrientationLandscapeRight";
				INFOPLIST_KEY_UISupportedInterfaceOrientations_iPhone = "UIInterfaceOrientationPortrait UIInterfaceOrientationLandscapeLeft UIInterfaceOrientationLandscapeRight";
				INFOPLIST_KEY_UIUserInterfaceStyle = Light;
				IPHONEOS_DEPLOYMENT_TARGET = 15.4;
				LD_RUNPATH_SEARCH_PATHS = (
					"$(inherited)",
					"@executable_path/Frameworks",
				);
				MARKETING_VERSION = 1.1;
				PRODUCT_BUNDLE_IDENTIFIER = com.ohjun.MyTimer;
				PRODUCT_NAME = "$(TARGET_NAME)";
				SWIFT_EMIT_LOC_STRINGS = YES;
				SWIFT_VERSION = 5.0;
				TARGETED_DEVICE_FAMILY = "1,2";
			};
			name = Release;
		};
/* End XCBuildConfiguration section */

/* Begin XCConfigurationList section */
		76D9AE092843637200A2F5B9 /* Build configuration list for PBXProject "MyTimer" */ = {
			isa = XCConfigurationList;
			buildConfigurations = (
				76D9AE202843637400A2F5B9 /* Debug */,
				76D9AE212843637400A2F5B9 /* Release */,
			);
			defaultConfigurationIsVisible = 0;
			defaultConfigurationName = Release;
		};
		76D9AE222843637400A2F5B9 /* Build configuration list for PBXNativeTarget "MyTimer" */ = {
			isa = XCConfigurationList;
			buildConfigurations = (
				76D9AE232843637400A2F5B9 /* Debug */,
				76D9AE242843637400A2F5B9 /* Release */,
			);
			defaultConfigurationIsVisible = 0;
			defaultConfigurationName = Release;
		};
/* End XCConfigurationList section */
	};
	rootObject = 76D9AE062843637200A2F5B9 /* Project object */;
}
